
Microsoft Visual Studio Solution File, Format Version 12.00
# Visual Studio 2013
VisualStudioVersion = 12.0.40629.0
MinimumVisualStudioVersion = 10.0.40219.1
Project("{FAE04EC0-301F-11D3-BF4B-00C04F79EFBC}") = "forms", "forms\forms.csproj", "{52F64FDB-5BCF-4B32-80EB-C2AD4D14F9B7}"
EndProject
Global
	GlobalSection(SolutionConfigurationPlatforms) = preSolution
		Debug|Any CPU = Debug|Any CPU
		Release|Any CPU = Release|Any CPU
	EndGlobalSection
	GlobalSection(ProjectConfigurationPlatforms) = postSolution
		{52F64FDB-5BCF-4B32-80EB-C2AD4D14F9B7}.Debug|Any CPU.ActiveCfg = Debug|Any CPU
		{52F64FDB-5BCF-4B32-80EB-C2AD4D14F9B7}.Debug|Any CPU.Build.0 = Debug|Any CPU
		{52F64FDB-5BCF-4B32-80EB-C2AD4D14F9B7}.Release|Any CPU.ActiveCfg = Release|Any CPU
		{52F64FDB-5BCF-4B32-80EB-C2AD4D14F9B7}.Release|Any CPU.Build.0 = Release|Any CPU
	EndGlobalSection
	GlobalSection(SolutionProperties) = preSolution
		HideSolutionNode = FALSE
	EndGlobalSection
EndGlobal
